
Microsoft Visual Studio Solution File, Format Version 12.00
# Visual Studio Version 17
VisualStudioVersion = 17.4.33403.182
MinimumVisualStudioVersion = 10.0.40219.1
Project("{FAE04EC0-301F-11D3-BF4B-00C04F79EFBC}") = "OrderFood.API", "OrderFood.API\OrderFood.API.csproj", "{15983459-416D-4088-AF38-9CA9074679E4}"
EndProject
Global
	GlobalSection(SolutionConfigurationPlatforms) = preSolution
		Debug|Any CPU = Debug|Any CPU
		Release|Any CPU = Release|Any CPU
	EndGlobalSection
	GlobalSection(ProjectConfigurationPlatforms) = postSolution
		{15983459-416D-4088-AF38-9CA9074679E4}.Debug|Any CPU.ActiveCfg = Debug|Any CPU
		{15983459-416D-4088-AF38-9CA9074679E4}.Debug|Any CPU.Build.0 = Debug|Any CPU
		{15983459-416D-4088-AF38-9CA9074679E4}.Release|Any CPU.ActiveCfg = Release|Any CPU
		{15983459-416D-4088-AF38-9CA9074679E4}.Release|Any CPU.Build.0 = Release|Any CPU
	EndGlobalSection
	GlobalSection(SolutionProperties) = preSolution
		HideSolutionNode = FALSE
	EndGlobalSection
	GlobalSection(ExtensibilityGlobals) = postSolution
		SolutionGuid = {B60E28A5-5ABD-4FA1-99E2-E0C8F6333688}
	EndGlobalSection
EndGlobal
